
Microsoft Visual Studio Solution File, Format Version 12.00
# Visual Studio 14
VisualStudioVersion = 14.0.25420.1
MinimumVisualStudioVersion = 10.0.40219.1
Project("{8BC9CEB8-8B4A-11D0-8D11-00A0C91BC942}") = "SoftwareVulkan", "SoftwareVulkan\SoftwareVulkan.vcxproj", "{2F625970-0D74-4B95-92C8-B59ED38F8CAF}"
EndProject
Project("{8BC9CEB8-8B4A-11D0-8D11-00A0C91BC942}") = "TestBed", "TestBed\TestBed.vcxproj", "{3B7C7747-DF6B-48CC-8615-1E6900C39360}"
	ProjectSection(ProjectDependencies) = postProject
		{2F625970-0D74-4B95-92C8-B59ED38F8CAF} = {2F625970-0D74-4B95-92C8-B59ED38F8CAF}
	EndProjectSection
EndProject
Global
	GlobalSection(SolutionConfigurationPlatforms) = preSolution
		Debug|x64 = Debug|x64
		Debug|x86 = Debug|x86
		Release|x64 = Release|x64
		Release|x86 = Release|x86
	EndGlobalSection
	GlobalSection(ProjectConfigurationPlatforms) = postSolution
		{2F625970-0D74-4B95-92C8-B59ED38F8CAF}.Debug|x64.ActiveCfg = Debug|x64
		{2F625970-0D74-4B95-92C8-B59ED38F8CAF}.Debug|x64.Build.0 = Debug|x64
		{2F625970-0D74-4B95-92C8-B59ED38F8CAF}.Debug|x86.ActiveCfg = Debug|Win32
		{2F625970-0D74-4B95-92C8-B59ED38F8CAF}.Debug|x86.Build.0 = Debug|Win32
		{2F625970-0D74-4B95-92C8-B59ED38F8CAF}.Release|x64.ActiveCfg = Release|x64
		{2F625970-0D74-4B95-92C8-B59ED38F8CAF}.Release|x64.Build.0 = Release|x64
		{2F625970-0D74-4B95-92C8-B59ED38F8CAF}.Release|x86.ActiveCfg = Release|Win32
		{2F625970-0D74-4B95-92C8-B59ED38F8CAF}.Release|x86.Build.0 = Release|Win32
		{3B7C7747-DF6B-48CC-8615-1E6900C39360}.Debug|x64.ActiveCfg = Debug|x64
		{3B7C7747-DF6B-48CC-8615-1E6900C39360}.Debug|x64.Build.0 = Debug|x64
		{3B7C7747-DF6B-48CC-8615-1E6900C39360}.Debug|x86.ActiveCfg = Debug|Win32
		{3B7C7747-DF6B-48CC-8615-1E6900C39360}.Debug|x86.Build.0 = Debug|Win32
		{3B7C7747-DF6B-48CC-8615-1E6900C39360}.Release|x64.ActiveCfg = Release|x64
		{3B7C7747-DF6B-48CC-8615-1E6900C39360}.Release|x64.Build.0 = Release|x64
		{3B7C7747-DF6B-48CC-8615-1E6900C39360}.Release|x86.ActiveCfg = Release|Win32
		{3B7C7747-DF6B-48CC-8615-1E6900C39360}.Release|x86.Build.0 = Release|Win32
	EndGlobalSection
	GlobalSection(SolutionProperties) = preSolution
		HideSolutionNode = FALSE
	EndGlobalSection
EndGlobal
